
Microsoft Visual Studio Solution File, Format Version 12.00
# Visual Studio Version 16
VisualStudioVersion = 16.0.29709.97
MinimumVisualStudioVersion = 10.0.40219.1
Project("{FAE04EC0-301F-11D3-BF4B-00C04F79EFBC}") = "PRIORITY_QUEUES", "PRIORITY_QUEUES\PRIORITY_QUEUES.csproj", "{375277EC-5C07-4401-8077-D8174EB9E08E}"
EndProject
Global
	GlobalSection(SolutionConfigurationPlatforms) = preSolution
		Debug|Any CPU = Debug|Any CPU
		Release|Any CPU = Release|Any CPU
	EndGlobalSection
	GlobalSection(ProjectConfigurationPlatforms) = postSolution
		{375277EC-5C07-4401-8077-D8174EB9E08E}.Debug|Any CPU.ActiveCfg = Debug|Any CPU
		{375277EC-5C07-4401-8077-D8174EB9E08E}.Debug|Any CPU.Build.0 = Debug|Any CPU
		{375277EC-5C07-4401-8077-D8174EB9E08E}.Release|Any CPU.ActiveCfg = Release|Any CPU
		{375277EC-5C07-4401-8077-D8174EB9E08E}.Release|Any CPU.Build.0 = Release|Any CPU
	EndGlobalSection
	GlobalSection(SolutionProperties) = preSolution
		HideSolutionNode = FALSE
	EndGlobalSection
	GlobalSection(ExtensibilityGlobals) = postSolution
		SolutionGuid = {498B360E-A6B5-42D6-804C-2282094BFC7C}
	EndGlobalSection
EndGlobal
